Microsoft Visual Studio Solution File, Format Version 12.00
# Visual Studio Version 17
VisualStudioVersion = 17.5.2.0
MinimumVisualStudioVersion = 10.0.40219.1
Project("{FAE04EC0-301F-11D3-BF4B-00C04F79EFBC}") = "CertificateApp", "CertificateApp.csproj", "{EBFE0749-2F7E-ADF9-5700-C208A56E6E37}"
EndProject
Global
	GlobalSection(SolutionConfigurationPlatforms) = preSolution
		Debug|Any CPU = Debug|Any CPU
		Release|Any CPU = Release|Any CPU
	EndGlobalSection
	GlobalSection(ProjectConfigurationPlatforms) = postSolution
		{EBFE0749-2F7E-ADF9-5700-C208A56E6E37}.Debug|Any CPU.ActiveCfg = Debug|Any CPU
		{EBFE0749-2F7E-ADF9-5700-C208A56E6E37}.Debug|Any CPU.Build.0 = Debug|Any CPU
		{EBFE0749-2F7E-ADF9-5700-C208A56E6E37}.Release|Any CPU.ActiveCfg = Release|Any CPU
		{EBFE0749-2F7E-ADF9-5700-C208A56E6E37}.Release|Any CPU.Build.0 = Release|Any CPU
	EndGlobalSection
	GlobalSection(SolutionProperties) = preSolution
		HideSolutionNode = FALSE
	EndGlobalSection
	GlobalSection(ExtensibilityGlobals) = postSolution
		SolutionGuid = {7BCBCE84-71BD-49F8-8D8F-DEBD393F5C3C}
	EndGlobalSection
EndGlobal
